{
  "name": "c-core",
  "version": "0.0.0",
  "lockfileVersion": 1,
  "requires": true,
  "dependencies": {
    "lodash": {
      "version": "4.17.21",
      "resolved": "https://registry.npmjs.org/lodash/-/lodash-4.17.21.tgz",
      "integrity": "sha512-v2kDEe57lecTulaDIuNTPy3Ry4gLGJ6Z1O3vE1krgXZNrsQ+LFTGHVxVjcXPs17LhbZVGedAJv8XZ1tvj5FvSg=="
    },
    "mobx": {
      "version": "6.3.1",
      "resolved": "https://registry.npmjs.org/mobx/-/mobx-6.3.1.tgz",
      "integrity": "sha512-by0VQNBltxLKcQ0uIz2h2mnVv1ZV0ief8mRRw+0k7mL2vSS3806rZg42bt8Vy78szaODtij/5iWIGvc46ZC3Cw=="
    },
    "rxjs": {
      "version": "7.0.1",
      "resolved": "https://registry.npmjs.org/rxjs/-/rxjs-7.0.1.tgz",
      "integrity": "sha512-wViQ4Vgps1xJwqWIBooMNN44usCSthL7wCUl4qWqrVjhGfWyVyXcxlYzfDKkJKACQvZMTOft/jJ3RkbwK1j9QQ==",
      "requires": {
        "tslib": "~2.1.0"
      }
    },
    "tslib": {
      "version": "2.1.0",
      "resolved": "https://registry.npmjs.org/tslib/-/tslib-2.1.0.tgz",
      "integrity": "sha512-hcVC3wYEziELGGmEEXue7D75zbwIIVUMWAVbHItGPx0ziyXxrOMQx4rQEVEV45Ut/1IotuEvwqPopzIOkDMf0A=="
    }
  }
}
